// !$*UTF8*$!
{
	archiveVersion = 1;
	classes = {
	};
	objectVersion = 50;
	objects = {

/* Begin PBXBuildFile section */
		92B975012503D57B009B3EBD /* AppDelegate.m in Sources */ = {isa = PBXBuildFile; fileRef = 92B975002503D57B009B3EBD /* AppDelegate.m */; };
		92B975042503D57B009B3EBD /* SceneDelegate.m in Sources */ = {isa = PBXBuildFile; fileRef = 92B975032503D57B009B3EBD /* SceneDelegate.m */; };
		92B975072503D57B009B3EBD /* ViewController.m in Sources */ = {isa = PBXBuildFile; fileRef = 92B975062503D57B009B3EBD /* ViewController.m */; };
		92B9750A2503D57B009B3EBD /* Main.storyboard in Resources */ = {isa = PBXBuildFile; fileRef = 92B975082503D57B009B3EBD /* Main.storyboard */; };
		92B9750C2503D57F009B3EBD /* Assets.xcassets in Resources */ = {isa = PBXBuildFile; fileRef = 92B9750B2503D57F009B3EBD /* Assets.xcassets */; };
		92B9750F2503D57F009B3EBD /* LaunchScreen.storyboard in Resources */ = {isa = PBXBuildFile; fileRef = 92B9750D2503D57F009B3EBD /* LaunchScreen.storyboard */; };
		92B975122503D57F009B3EBD /* main.m in Sources */ = {isa = PBXBuildFile; fileRef = 92B975112503D57F009B3EBD /* main.m */; };
/* End PBXBuildFile section */

/* Begin PBXFileReference section */
		92B974FC2503D57B009B3EBD /* irregularViewAndGradientColor.app */ = {isa = PBXFileReference; explicitFileType = wrapper.application; includeInIndex = 0; path = irregularViewAndGradientColor.app; sourceTree = BUILT_PRODUCTS_DIR; };
		92B974FF2503D57B009B3EBD /* AppDelegate.h */ = {isa = PBXFileReference; lastKnownFileType = sourcecode.c.h; path = AppDelegate.h; sourceTree = "<group>"; };
		92B975002503D57B009B3EBD /* AppDelegate.m */ = {isa = PBXFileReference; lastKnownFileType = sourcecode.c.objc; path = AppDelegate.m; sourceTree = "<group>"; };
		92B975022503D57B009B3EBD /* SceneDelegate.h */ = {isa = PBXFileReference; lastKnownFileType = sourcecode.c.h; path = SceneDelegate.h; sourceTree = "<group>"; };
		92B975032503D57B009B3EBD /* SceneDelegate.m */ = {isa = PBXFileReference; lastKnownFileType = sourcecode.c.objc; path = SceneDelegate.m; sourceTree = "<group>"; };
		92B975052503D57B009B3EBD /* ViewController.h */ = {isa = PBXFileReference; lastKnownFileType = sourcecode.c.h; path = ViewController.h; sourceTree = "<group>"; };
		92B975062503D57B009B3EBD /* ViewController.m */ = {isa = PBXFileReference; lastKnownFileType = sourcecode.c.objc; path = ViewController.m; sourceTree = "<group>"; };
		92B975092503D57B009B3EBD /* Base */ = {isa = PBXFileReference; lastKnownFileType = file.storyboard; name = Base; path = Base.lproj/Main.storyboard; sourceTree = "<group>"; };
		92B9750B2503D57F009B3EBD /* Assets.xcassets */ = {isa = PBXFileReference; lastKnownFileType = folder.assetcatalog; path = Assets.xcassets; sourceTree = "<group>"; };
		92B9750E2503D57F009B3EBD /* Base */ = {isa = PBXFileReference; lastKnownFileType = file.storyboard; name = Base; path = Base.lproj/LaunchScreen.storyboard; sourceTree = "<group>"; };
		92B975102503D57F009B3EBD /* Info.plist */ = {isa = PBXFileReference; lastKnownFileType = text.plist.xml; path = Info.plist; sourceTree = "<group>"; };
		92B975112503D57F009B3EBD /* main.m */ = {isa = PBXFileReference; lastKnownFileType = sourcecode.c.objc; path = main.m; sourceTree = "<group>"; };
/* End PBXFileReference section */

/* Begin PBXFrameworksBuildPhase section */
		92B974F92503D57B009B3EBD /* Frameworks */ = {
			isa = PBXFrameworksBuildPhase;
			buildActionMask = 2147483647;
			files = (
			);
			runOnlyForDeploymentPostprocessing = 0;
		};
/* End PBXFrameworksBuildPhase section */

/* Begin PBXGroup section */
		92B974F32503D57B009B3EBD = {
			isa = PBXGroup;
			children = (
				92B974FE2503D57B009B3EBD /* irregularViewAndGradientColor */,
				92B974FD2503D57B009B3EBD /* Products */,
			);
			sourceTree = "<group>";
		};
		92B974FD2503D57B009B3EBD /* Products */ = {
			isa = PBXGroup;
			children = (
				92B974FC2503D57B009B3EBD /* irregularViewAndGradientColor.app */,
			);
			name = Products;
			sourceTree = "<group>";
		};
		92B974FE2503D57B009B3EBD /* irregularViewAndGradientColor */ = {
			isa = PBXGroup;
			children = (
				92B974FF2503D57B009B3EBD /* AppDelegate.h */,
				92B975002503D57B009B3EBD /* AppDelegate.m */,
				92B975022503D57B009B3EBD /* SceneDelegate.h */,
				92B975032503D57B009B3EBD /* SceneDelegate.m */,
				92B975052503D57B009B3EBD /* ViewController.h */,
				92B975062503D57B009B3EBD /* ViewController.m */,
				92B975082503D57B009B3EBD /* Main.storyboard */,
				92B9750B2503D57F009B3EBD /* Assets.xcassets */,
				92B9750D2503D57F009B3EBD /* LaunchScreen.storyboard */,
				92B975102503D57F009B3EBD /* Info.plist */,
				92B975112503D57F009B3EBD /* main.m */,
			);
			path = irregularViewAndGradientColor;
			sourceTree = "<group>";
		};
/* End PBXGroup section */

/* Begin PBXNativeTarget section */
		92B974FB2503D57B009B3EBD /* irregularViewAndGradientColor */ = {
			isa = PBXNativeTarget;
			buildConfigurationList = 92B975152503D57F009B3EBD /* Build configuration list for PBXNativeTarget "irregularViewAndGradientColor" */;
			buildPhases = (
				92B974F82503D57B009B3EBD /* Sources */,
				92B974F92503D57B009B3EBD /* Frameworks */,
				92B974FA2503D57B009B3EBD /* Resources */,
			);
			buildRules = (
			);
			dependencies = (
			);
			name = irregularViewAndGradientColor;
			productName = irregularViewAndGradientColor;
			productReference = 92B974FC2503D57B009B3EBD /* irregularViewAndGradientColor.app */;
			productType = "com.apple.product-type.application";
		};
/* End PBXNativeTarget section */

/* Begin PBXProject section */
		92B974F42503D57B009B3EBD /* Project object */ = {
			isa = PBXProject;
			attributes = {
				LastUpgradeCheck = 1130;
				ORGANIZATIONNAME = Gmingyue;
				TargetAttributes = {
					92B974FB2503D57B009B3EBD = {
						CreatedOnToolsVersion = 11.3;
					};
				};
			};
			buildConfigurationList = 92B974F72503D57B009B3EBD /* Build configuration list for PBXProject "irregularViewAndGradientColor" */;
			compatibilityVersion = "Xcode 9.3";
			developmentRegion = en;
			hasScannedForEncodings = 0;
			knownRegions = (
				en,
				Base,
			);
			mainGroup = 92B974F32503D57B009B3EBD;
			productRefGroup = 92B974FD2503D57B009B3EBD /* Products */;
			projectDirPath = "";
			projectRoot = "";
			targets = (
				92B974FB2503D57B009B3EBD /* irregularViewAndGradientColor */,
			);
		};
/* End PBXProject section */

/* Begin PBXResourcesBuildPhase section */
		92B974FA2503D57B009B3EBD /* Resources */ = {
			isa = PBXResourcesBuildPhase;
			buildActionMask = 2147483647;
			files = (
				92B9750F2503D57F009B3EBD /* LaunchScreen.storyboard in Resources */,
				92B9750C2503D57F009B3EBD /* Assets.xcassets in Resources */,
				92B9750A2503D57B009B3EBD /* Main.storyboard in Resources */,
			);
			runOnlyForDeploymentPostprocessing = 0;
		};
/* End PBXResourcesBuildPhase section */

/* Begin PBXSourcesBuildPhase section */
		92B974F82503D57B009B3EBD /* Sources */ = {
			isa = PBXSourcesBuildPhase;
			buildActionMask = 2147483647;
			files = (
				92B975072503D57B009B3EBD /* ViewController.m in Sources */,
				92B975012503D57B009B3EBD /* AppDelegate.m in Sources */,
				92B975122503D57F009B3EBD /* main.m in Sources */,
				92B975042503D57B009B3EBD /* SceneDelegate.m in Sources */,
			);
			runOnlyForDeploymentPostprocessing = 0;
		};
/* End PBXSourcesBuildPhase section */

/* Begin PBXVariantGroup section */
		92B975082503D57B009B3EBD /* Main.storyboard */ = {
			isa = PBXVariantGroup;
			children = (
				92B975092503D57B009B3EBD /* Base */,
			);
			name = Main.storyboard;
			sourceTree = "<group>";
		};
		92B9750D2503D57F009B3EBD /* LaunchScreen.storyboard */ = {
			isa = PBXVariantGroup;
			children = (
				92B9750E2503D57F009B3EBD /* Base */,
			);
			name = LaunchScreen.storyboard;
			sourceTree = "<group>";
		};
/* End PBXVariantGroup section */

/* Begin XCBuildConfiguration section */
		92B975132503D57F009B3EBD /* Debug */ = {
			isa = XCBuildConfiguration;
			buildSettings = {
				ALWAYS_SEARCH_USER_PATHS = NO;
				CLANG_ANALYZER_NONNULL = YES;
				CLANG_ANALYZER_NUMBER_OBJECT_CONVERSION = YES_AGGRESSIVE;
				CLANG_CXX_LANGUAGE_STANDARD = "gnu++14";
				CLANG_CXX_LIBRARY = "libc++";
				CLANG_ENABLE_MODULES = YES;
				CLANG_ENABLE_OBJC_ARC = YES;
				CLANG_ENABLE_OBJC_WEAK = YES;
				CLANG_WARN_BLOCK_CAPTURE_AUTORELEASING = YES;
				CLANG_WARN_BOOL_CONVERSION = YES;
				CLANG_WARN_COMMA = YES;
				CLANG_WARN_CONSTANT_CONVERSION = YES;
				CLANG_WARN_DEPRECATED_OBJC_IMPLEMENTATIONS = YES;
				CLANG_WARN_DIRECT_OBJC_ISA_USAGE = YES_ERROR;
				CLANG_WARN_DOCUMENTATION_COMMENTS = YES;
				CLANG_WARN_EMPTY_BODY = YES;
				CLANG_WARN_ENUM_CONVERSION = YES;
				CLANG_WARN_INFINITE_RECURSION = YES;
				CLANG_WARN_INT_CONVERSION = YES;
				CLANG_WARN_NON_LITERAL_NULL_CONVERSION = YES;
				CLANG_WARN_OBJC_IMPLICIT_RETAIN_SELF = YES;
				CLANG_WARN_OBJC_LITERAL_CONVERSION = YES;
				CLANG_WARN_OBJC_ROOT_CLASS = YES_ERROR;
				CLANG_WARN_RANGE_LOOP_ANALYSIS = YES;
				CLANG_WARN_STRICT_PROTOTYPES = YES;
				CLANG_WARN_SUSPICIOUS_MOVE = YES;
				CLANG_WARN_UNGUARDED_AVAILABILITY = YES_AGGRESSIVE;
				CLANG_WARN_UNREACHABLE_CODE = YES;
				CLANG_WARN__DUPLICATE_METHOD_MATCH = YES;
				COPY_PHASE_STRIP = NO;
				DEBUG_INFORMATION_FORMAT = dwarf;
				ENABLE_STRICT_OBJC_MSGSEND = YES;
				ENABLE_TESTABILITY = YES;
				GCC_C_LANGUAGE_STANDARD = gnu11;
				GCC_DYNAMIC_NO_PIC = NO;
				GCC_NO_COMMON_BLOCKS = YES;
				GCC_OPTIMIZATION_LEVEL = 0;
				GCC_PREPROCESSOR_DEFINITIONS = (
					"DEBUG=1",
					"$(inherited)",
				);
				GCC_WARN_64_TO_32_BIT_CONVERSION = YES;
				GCC_WARN_ABOUT_RETURN_TYPE = YES_ERROR;
				GCC_WARN_UNDECLARED_SELECTOR = YES;
				GCC_WARN_UNINITIALIZED_AUTOS = YES_AGGRESSIVE;
				GCC_WARN_UNUSED_FUNCTION = YES;
				GCC_WARN_UNUSED_VARIABLE = YES;
				IPHONEOS_DEPLOYMENT_TARGET = 13.2;
				MTL_ENABLE_DEBUG_INFO = INCLUDE_SOURCE;
				MTL_FAST_MATH = YES;
				ONLY_ACTIVE_ARCH = YES;
				SDKROOT = iphoneos;
			};
			name = Debug;
		};
		92B975142503D57F009B3EBD /* Release */ = {
			isa = XCBuildConfiguration;
			buildSettings = {
				ALWAYS_SEARCH_USER_PATHS = NO;
				CLANG_ANALYZER_NONNULL = YES;
				CLANG_ANALYZER_NUMBER_OBJECT_CONVERSION = YES_AGGRESSIVE;
				CLANG_CXX_LANGUAGE_STANDARD = "gnu++14";
				CLANG_CXX_LIBRARY = "libc++";
				CLANG_ENABLE_MODULES = YES;
				CLANG_ENABLE_OBJC_ARC = YES;
				CLANG_ENABLE_OBJC_WEAK = YES;
				CLANG_WARN_BLOCK_CAPTURE_AUTORELEASING = YES;
				CLANG_WARN_BOOL_CONVERSION = YES;
				CLANG_WARN_COMMA = YES;
				CLANG_WARN_CONSTANT_CONVERSION = YES;
				CLANG_WARN_DEPRECATED_OBJC_IMPLEMENTATIONS = YES;
				CLANG_WARN_DIRECT_OBJC_ISA_USAGE = YES_ERROR;
				CLANG_WARN_DOCUMENTATION_COMMENTS = YES;
				CLANG_WARN_EMPTY_BODY = YES;
				CLANG_WARN_ENUM_CONVERSION = YES;
				CLANG_WARN_INFINITE_RECURSION = YES;
				CLANG_WARN_INT_CONVERSION = YES;
				CLANG_WARN_NON_LITERAL_NULL_CONVERSION = YES;
				CLANG_WARN_OBJC_IMPLICIT_RETAIN_SELF = YES;
				CLANG_WARN_OBJC_LITERAL_CONVERSION = YES;
				CLANG_WARN_OBJC_ROOT_CLASS = YES_ERROR;
				CLANG_WARN_RANGE_LOOP_ANALYSIS = YES;
				CLANG_WARN_STRICT_PROTOTYPES = YES;
				CLANG_WARN_SUSPICIOUS_MOVE = YES;
				CLANG_WARN_UNGUARDED_AVAILABILITY = YES_AGGRESSIVE;
				CLANG_WARN_UNREACHABLE_CODE = YES;
				CLANG_WARN__DUPLICATE_METHOD_MATCH = YES;
				COPY_PHASE_STRIP = NO;
				DEBUG_INFORMATION_FORMAT = "dwarf-with-dsym";
				ENABLE_NS_ASSERTIONS = NO;
				ENABLE_STRICT_OBJC_MSGSEND = YES;
				GCC_C_LANGUAGE_STANDARD = gnu11;
				GCC_NO_COMMON_BLOCKS = YES;
				GCC_WARN_64_TO_32_BIT_CONVERSION = YES;
				GCC_WARN_ABOUT_RETURN_TYPE = YES_ERROR;
				GCC_WARN_UNDECLARED_SELECTOR = YES;
				GCC_WARN_UNINITIALIZED_AUTOS = YES_AGGRESSIVE;
				GCC_WARN_UNUSED_FUNCTION = YES;
				GCC_WARN_UNUSED_VARIABLE = YES;
				IPHONEOS_DEPLOYMENT_TARGET = 13.2;
				MTL_ENABLE_DEBUG_INFO = NO;
				MTL_FAST_MATH = YES;
				SDKROOT = iphoneos;
				VALIDATE_PRODUCT = YES;
			};
			name = Release;
		};
		92B975162503D57F009B3EBD /* Debug */ = {
			isa = XCBuildConfiguration;
			buildSettings = {
				ASSETCATALOG_COMPILER_APPICON_NAME = AppIcon;
				CODE_SIGN_STYLE = Automatic;
				INFOPLIST_FILE = irregularViewAndGradientColor/Info.plist;
				LD_RUNPATH_SEARCH_PATHS = (
					"$(inherited)",
					"@executable_path/Frameworks",
				);
				PRODUCT_BUNDLE_IDENTIFIER = "www.mingyuefly.com-.irregularViewAndGradientColor";
				PRODUCT_NAME = "$(TARGET_NAME)";
				TARGETED_DEVICE_FAMILY = "1,2";
			};
			name = Debug;
		};
		92B975172503D57F009B3EBD /* Release */ = {
			isa = XCBuildConfiguration;
			buildSettings = {
				ASSETCATALOG_COMPILER_APPICON_NAME = AppIcon;
				CODE_SIGN_STYLE = Automatic;
				INFOPLIST_FILE = irregularViewAndGradientColor/Info.plist;
				LD_RUNPATH_SEARCH_PATHS = (
					"$(inherited)",
					"@executable_path/Frameworks",
				);
				PRODUCT_BUNDLE_IDENTIFIER = "www.mingyuefly.com-.irregularViewAndGradientColor";
				PRODUCT_NAME = "$(TARGET_NAME)";
				TARGETED_DEVICE_FAMILY = "1,2";
			};
			name = Release;
		};
/* End XCBuildConfiguration section */

/* Begin XCConfigurationList section */
		92B974F72503D57B009B3EBD /* Build configuration list for PBXProject "irregularViewAndGradientColor" */ = {
			isa = XCConfigurationList;
			buildConfigurations = (
				92B975132503D57F009B3EBD /* Debug */,
				92B975142503D57F009B3EBD /* Release */,
			);
			defaultConfigurationIsVisible = 0;
			defaultConfigurationName = Release;
		};
		92B975152503D57F009B3EBD /* Build configuration list for PBXNativeTarget "irregularViewAndGradientColor" */ = {
			isa = XCConfigurationList;
			buildConfigurations = (
				92B975162503D57F009B3EBD /* Debug */,
				92B975172503D57F009B3EBD /* Release */,
			);
			defaultConfigurationIsVisible = 0;
			defaultConfigurationName = Release;
		};
/* End XCConfigurationList section */
	};
	rootObject = 92B974F42503D57B009B3EBD /* Project object */;
}
