// !$*UTF8*$!
{
	archiveVersion = 1;
	classes = {
	};
	objectVersion = 46;
	objects = {

/* Begin PBXBuildFile section */
		92B749451B5B59BB00059BF2 /* AppDelegate.swift in Sources */ = {isa = PBXBuildFile; fileRef = 92B749441B5B59BB00059BF2 /* AppDelegate.swift */; };
		92B749471B5B59BB00059BF2 /* ViewController.swift in Sources */ = {isa = PBXBuildFile; fileRef = 92B749461B5B59BB00059BF2 /* ViewController.swift */; };
		92B7494C1B5B59BB00059BF2 /* Images.xcassets in Resources */ = {isa = PBXBuildFile; fileRef = 92B7494B1B5B59BB00059BF2 /* Images.xcassets */; };
		92B749651B5B5BEF00059BF2 /* Default-568h@2x.png in Resources */ = {isa = PBXBuildFile; fileRef = 92B749641B5B5BEF00059BF2 /* Default-568h@2x.png */; };
/* End PBXBuildFile section */

/* Begin PBXContainerItemProxy section */
		92B749551B5B59BC00059BF2 /* PBXContainerItemProxy */ = {
			isa = PBXContainerItemProxy;
			containerPortal = 92B749371B5B59BB00059BF2 /* Project object */;
			proxyType = 1;
			remoteGlobalIDString = 92B7493E1B5B59BB00059BF2;
			remoteInfo = buttonImage;
		};
/* End PBXContainerItemProxy section */

/* Begin PBXFileReference section */
		92B7493F1B5B59BB00059BF2 /* buttonImage.app */ = {isa = PBXFileReference; explicitFileType = wrapper.application; includeInIndex = 0; path = buttonImage.app; sourceTree = BUILT_PRODUCTS_DIR; };
		92B749431B5B59BB00059BF2 /* Info.plist */ = {isa = PBXFileReference; lastKnownFileType = text.plist.xml; path = Info.plist; sourceTree = "<group>"; };
		92B749441B5B59BB00059BF2 /* AppDelegate.swift */ = {isa = PBXFileReference; lastKnownFileType = sourcecode.swift; path = AppDelegate.swift; sourceTree = "<group>"; };
		92B749461B5B59BB00059BF2 /* ViewController.swift */ = {isa = PBXFileReference; lastKnownFileType = sourcecode.swift; path = ViewController.swift; sourceTree = "<group>"; };
		92B7494B1B5B59BB00059BF2 /* Images.xcassets */ = {isa = PBXFileReference; lastKnownFileType = folder.assetcatalog; path = Images.xcassets; sourceTree = "<group>"; };
		92B749541B5B59BC00059BF2 /* buttonImageTests.xctest */ = {isa = PBXFileReference; explicitFileType = wrapper.cfbundle; includeInIndex = 0; path = buttonImageTests.xctest; sourceTree = BUILT_PRODUCTS_DIR; };
		92B749641B5B5BEF00059BF2 /* Default-568h@2x.png */ = {isa = PBXFileReference; lastKnownFileType = image.png; path = "Default-568h@2x.png"; sourceTree = "<group>"; };
/* End PBXFileReference section */

/* Begin PBXFrameworksBuildPhase section */
		92B7493C1B5B59BB00059BF2 /* Frameworks */ = {
			isa = PBXFrameworksBuildPhase;
			buildActionMask = 2147483647;
			files = (
			);
			runOnlyForDeploymentPostprocessing = 0;
		};
		92B749511B5B59BC00059BF2 /* Frameworks */ = {
			isa = PBXFrameworksBuildPhase;
			buildActionMask = 2147483647;
			files = (
			);
			runOnlyForDeploymentPostprocessing = 0;
		};
/* End PBXFrameworksBuildPhase section */

/* Begin PBXGroup section */
		92B749361B5B59BB00059BF2 = {
			isa = PBXGroup;
			children = (
				92B749411B5B59BB00059BF2 /* buttonImage */,
				92B749401B5B59BB00059BF2 /* Products */,
			);
			sourceTree = "<group>";
		};
		92B749401B5B59BB00059BF2 /* Products */ = {
			isa = PBXGroup;
			children = (
				92B7493F1B5B59BB00059BF2 /* buttonImage.app */,
				92B749541B5B59BC00059BF2 /* buttonImageTests.xctest */,
			);
			name = Products;
			sourceTree = "<group>";
		};
		92B749411B5B59BB00059BF2 /* buttonImage */ = {
			isa = PBXGroup;
			children = (
				92B749441B5B59BB00059BF2 /* AppDelegate.swift */,
				92B749461B5B59BB00059BF2 /* ViewController.swift */,
				92B749641B5B5BEF00059BF2 /* Default-568h@2x.png */,
				92B7494B1B5B59BB00059BF2 /* Images.xcassets */,
				92B749421B5B59BB00059BF2 /* Supporting Files */,
			);
			path = buttonImage;
			sourceTree = "<group>";
		};
		92B749421B5B59BB00059BF2 /* Supporting Files */ = {
			isa = PBXGroup;
			children = (
				92B749431B5B59BB00059BF2 /* Info.plist */,
			);
			name = "Supporting Files";
			sourceTree = "<group>";
		};
/* End PBXGroup section */

/* Begin PBXNativeTarget section */
		92B7493E1B5B59BB00059BF2 /* buttonImage */ = {
			isa = PBXNativeTarget;
			buildConfigurationList = 92B7495E1B5B59BC00059BF2 /* Build configuration list for PBXNativeTarget "buttonImage" */;
			buildPhases = (
				92B7493B1B5B59BB00059BF2 /* Sources */,
				92B7493C1B5B59BB00059BF2 /* Frameworks */,
				92B7493D1B5B59BB00059BF2 /* Resources */,
			);
			buildRules = (
			);
			dependencies = (
			);
			name = buttonImage;
			productName = buttonImage;
			productReference = 92B7493F1B5B59BB00059BF2 /* buttonImage.app */;
			productType = "com.apple.product-type.application";
		};
		92B749531B5B59BC00059BF2 /* buttonImageTests */ = {
			isa = PBXNativeTarget;
			buildConfigurationList = 92B749611B5B59BC00059BF2 /* Build configuration list for PBXNativeTarget "buttonImageTests" */;
			buildPhases = (
				92B749501B5B59BC00059BF2 /* Sources */,
				92B749511B5B59BC00059BF2 /* Frameworks */,
				92B749521B5B59BC00059BF2 /* Resources */,
			);
			buildRules = (
			);
			dependencies = (
				92B749561B5B59BC00059BF2 /* PBXTargetDependency */,
			);
			name = buttonImageTests;
			productName = buttonImageTests;
			productReference = 92B749541B5B59BC00059BF2 /* buttonImageTests.xctest */;
			productType = "com.apple.product-type.bundle.unit-test";
		};
/* End PBXNativeTarget section */

/* Begin PBXProject section */
		92B749371B5B59BB00059BF2 /* Project object */ = {
			isa = PBXProject;
			attributes = {
				LastSwiftMigration = 0720;
				LastSwiftUpdateCheck = 0720;
				LastUpgradeCheck = 0610;
				ORGANIZATIONNAME = csii;
				TargetAttributes = {
					92B7493E1B5B59BB00059BF2 = {
						CreatedOnToolsVersion = 6.1;
					};
					92B749531B5B59BC00059BF2 = {
						CreatedOnToolsVersion = 6.1;
						TestTargetID = 92B7493E1B5B59BB00059BF2;
					};
				};
			};
			buildConfigurationList = 92B7493A1B5B59BB00059BF2 /* Build configuration list for PBXProject "buttonImage" */;
			compatibilityVersion = "Xcode 3.2";
			developmentRegion = English;
			hasScannedForEncodings = 0;
			knownRegions = (
				English,
				en,
				Base,
			);
			mainGroup = 92B749361B5B59BB00059BF2;
			productRefGroup = 92B749401B5B59BB00059BF2 /* Products */;
			projectDirPath = "";
			projectRoot = "";
			targets = (
				92B7493E1B5B59BB00059BF2 /* buttonImage */,
				92B749531B5B59BC00059BF2 /* buttonImageTests */,
			);
		};
/* End PBXProject section */

/* Begin PBXResourcesBuildPhase section */
		92B7493D1B5B59BB00059BF2 /* Resources */ = {
			isa = PBXResourcesBuildPhase;
			buildActionMask = 2147483647;
			files = (
				92B7494C1B5B59BB00059BF2 /* Images.xcassets in Resources */,
				92B749651B5B5BEF00059BF2 /* Default-568h@2x.png in Resources */,
			);
			runOnlyForDeploymentPostprocessing = 0;
		};
		92B749521B5B59BC00059BF2 /* Resources */ = {
			isa = PBXResourcesBuildPhase;
			buildActionMask = 2147483647;
			files = (
			);
			runOnlyForDeploymentPostprocessing = 0;
		};
/* End PBXResourcesBuildPhase section */

/* Begin PBXSourcesBuildPhase section */
		92B7493B1B5B59BB00059BF2 /* Sources */ = {
			isa = PBXSourcesBuildPhase;
			buildActionMask = 2147483647;
			files = (
				92B749471B5B59BB00059BF2 /* ViewController.swift in Sources */,
				92B749451B5B59BB00059BF2 /* AppDelegate.swift in Sources */,
			);
			runOnlyForDeploymentPostprocessing = 0;
		};
		92B749501B5B59BC00059BF2 /* Sources */ = {
			isa = PBXSourcesBuildPhase;
			buildActionMask = 2147483647;
			files = (
			);
			runOnlyForDeploymentPostprocessing = 0;
		};
/* End PBXSourcesBuildPhase section */

/* Begin PBXTargetDependency section */
		92B749561B5B59BC00059BF2 /* PBXTargetDependency */ = {
			isa = PBXTargetDependency;
			target = 92B7493E1B5B59BB00059BF2 /* buttonImage */;
			targetProxy = 92B749551B5B59BC00059BF2 /* PBXContainerItemProxy */;
		};
/* End PBXTargetDependency section */

/* Begin XCBuildConfiguration section */
		92B7495C1B5B59BC00059BF2 /* Debug */ = {
			isa = XCBuildConfiguration;
			buildSettings = {
				ALWAYS_SEARCH_USER_PATHS = NO;
				CLANG_CXX_LANGUAGE_STANDARD = "gnu++0x";
				CLANG_CXX_LIBRARY = "libc++";
				CLANG_ENABLE_MODULES = YES;
				CLANG_ENABLE_OBJC_ARC = YES;
				CLANG_WARN_BOOL_CONVERSION = YES;
				CLANG_WARN_CONSTANT_CONVERSION = YES;
				CLANG_WARN_DIRECT_OBJC_ISA_USAGE = YES_ERROR;
				CLANG_WARN_EMPTY_BODY = YES;
				CLANG_WARN_ENUM_CONVERSION = YES;
				CLANG_WARN_INT_CONVERSION = YES;
				CLANG_WARN_OBJC_ROOT_CLASS = YES_ERROR;
				CLANG_WARN_UNREACHABLE_CODE = YES;
				CLANG_WARN__DUPLICATE_METHOD_MATCH = YES;
				"CODE_SIGN_IDENTITY[sdk=iphoneos*]" = "iPhone Developer";
				COPY_PHASE_STRIP = NO;
				ENABLE_STRICT_OBJC_MSGSEND = YES;
				GCC_C_LANGUAGE_STANDARD = gnu99;
				GCC_DYNAMIC_NO_PIC = NO;
				GCC_OPTIMIZATION_LEVEL = 0;
				GCC_PREPROCESSOR_DEFINITIONS = (
					"DEBUG=1",
					"$(inherited)",
				);
				GCC_SYMBOLS_PRIVATE_EXTERN = NO;
				GCC_WARN_64_TO_32_BIT_CONVERSION = YES;
				GCC_WARN_ABOUT_RETURN_TYPE = YES_ERROR;
				GCC_WARN_UNDECLARED_SELECTOR = YES;
				GCC_WARN_UNINITIALIZED_AUTOS = YES_AGGRESSIVE;
				GCC_WARN_UNUSED_FUNCTION = YES;
				GCC_WARN_UNUSED_VARIABLE = YES;
				IPHONEOS_DEPLOYMENT_TARGET = 8.1;
				MTL_ENABLE_DEBUG_INFO = YES;
				ONLY_ACTIVE_ARCH = YES;
				SDKROOT = iphoneos;
				SWIFT_OPTIMIZATION_LEVEL = "-Onone";
				TARGETED_DEVICE_FAMILY = "1,2";
			};
			name = Debug;
		};
		92B7495D1B5B59BC00059BF2 /* Release */ = {
			isa = XCBuildConfiguration;
			buildSettings = {
				ALWAYS_SEARCH_USER_PATHS = NO;
				CLANG_CXX_LANGUAGE_STANDARD = "gnu++0x";
				CLANG_CXX_LIBRARY = "libc++";
				CLANG_ENABLE_MODULES = YES;
				CLANG_ENABLE_OBJC_ARC = YES;
				CLANG_WARN_BOOL_CONVERSION = YES;
				CLANG_WARN_CONSTANT_CONVERSION = YES;
				CLANG_WARN_DIRECT_OBJC_ISA_USAGE = YES_ERROR;
				CLANG_WARN_EMPTY_BODY = YES;
				CLANG_WARN_ENUM_CONVERSION = YES;
				CLANG_WARN_INT_CONVERSION = YES;
				CLANG_WARN_OBJC_ROOT_CLASS = YES_ERROR;
				CLANG_WARN_UNREACHABLE_CODE = YES;
				CLANG_WARN__DUPLICATE_METHOD_MATCH = YES;
				"CODE_SIGN_IDENTITY[sdk=iphoneos*]" = "iPhone Developer";
				COPY_PHASE_STRIP = YES;
				ENABLE_NS_ASSERTIONS = NO;
				ENABLE_STRICT_OBJC_MSGSEND = YES;
				GCC_C_LANGUAGE_STANDARD = gnu99;
				GCC_WARN_64_TO_32_BIT_CONVERSION = YES;
				GCC_WARN_ABOUT_RETURN_TYPE = YES_ERROR;
				GCC_WARN_UNDECLARED_SELECTOR = YES;
				GCC_WARN_UNINITIALIZED_AUTOS = YES_AGGRESSIVE;
				GCC_WARN_UNUSED_FUNCTION = YES;
				GCC_WARN_UNUSED_VARIABLE = YES;
				IPHONEOS_DEPLOYMENT_TARGET = 8.1;
				MTL_ENABLE_DEBUG_INFO = NO;
				SDKROOT = iphoneos;
				TARGETED_DEVICE_FAMILY = "1,2";
				VALIDATE_PRODUCT = YES;
			};
			name = Release;
		};
		92B7495F1B5B59BC00059BF2 /* Debug */ = {
			isa = XCBuildConfiguration;
			buildSettings = {
				ASSETCATALOG_COMPILER_APPICON_NAME = AppIcon;
				INFOPLIST_FILE = buttonImage/Info.plist;
				IPHONEOS_DEPLOYMENT_TARGET = 11.0;
				LD_RUNPATH_SEARCH_PATHS = "$(inherited) @executable_path/Frameworks";
				PRODUCT_NAME = "$(TARGET_NAME)";
				SWIFT_VERSION = 5.0;
			};
			name = Debug;
		};
		92B749601B5B59BC00059BF2 /* Release */ = {
			isa = XCBuildConfiguration;
			buildSettings = {
				ASSETCATALOG_COMPILER_APPICON_NAME = AppIcon;
				INFOPLIST_FILE = buttonImage/Info.plist;
				IPHONEOS_DEPLOYMENT_TARGET = 11.0;
				LD_RUNPATH_SEARCH_PATHS = "$(inherited) @executable_path/Frameworks";
				PRODUCT_NAME = "$(TARGET_NAME)";
				SWIFT_VERSION = 5.0;
			};
			name = Release;
		};
		92B749621B5B59BC00059BF2 /* Debug */ = {
			isa = XCBuildConfiguration;
			buildSettings = {
				BUNDLE_LOADER = "$(TEST_HOST)";
				FRAMEWORK_SEARCH_PATHS = (
					"$(SDKROOT)/Developer/Library/Frameworks",
					"$(inherited)",
				);
				GCC_PREPROCESSOR_DEFINITIONS = (
					"DEBUG=1",
					"$(inherited)",
				);
				INFOPLIST_FILE = buttonImageTests/Info.plist;
				LD_RUNPATH_SEARCH_PATHS = "$(inherited) @executable_path/Frameworks @loader_path/Frameworks";
				PRODUCT_NAME = "$(TARGET_NAME)";
				TEST_HOST = "$(BUILT_PRODUCTS_DIR)/buttonImage.app/buttonImage";
			};
			name = Debug;
		};
		92B749631B5B59BC00059BF2 /* Release */ = {
			isa = XCBuildConfiguration;
			buildSettings = {
				BUNDLE_LOADER = "$(TEST_HOST)";
				FRAMEWORK_SEARCH_PATHS = (
					"$(SDKROOT)/Developer/Library/Frameworks",
					"$(inherited)",
				);
				INFOPLIST_FILE = buttonImageTests/Info.plist;
				LD_RUNPATH_SEARCH_PATHS = "$(inherited) @executable_path/Frameworks @loader_path/Frameworks";
				PRODUCT_NAME = "$(TARGET_NAME)";
				TEST_HOST = "$(BUILT_PRODUCTS_DIR)/buttonImage.app/buttonImage";
			};
			name = Release;
		};
/* End XCBuildConfiguration section */

/* Begin XCConfigurationList section */
		92B7493A1B5B59BB00059BF2 /* Build configuration list for PBXProject "buttonImage" */ = {
			isa = XCConfigurationList;
			buildConfigurations = (
				92B7495C1B5B59BC00059BF2 /* Debug */,
				92B7495D1B5B59BC00059BF2 /* Release */,
			);
			defaultConfigurationIsVisible = 0;
			defaultConfigurationName = Release;
		};
		92B7495E1B5B59BC00059BF2 /* Build configuration list for PBXNativeTarget "buttonImage" */ = {
			isa = XCConfigurationList;
			buildConfigurations = (
				92B7495F1B5B59BC00059BF2 /* Debug */,
				92B749601B5B59BC00059BF2 /* Release */,
			);
			defaultConfigurationIsVisible = 0;
			defaultConfigurationName = Release;
		};
		92B749611B5B59BC00059BF2 /* Build configuration list for PBXNativeTarget "buttonImageTests" */ = {
			isa = XCConfigurationList;
			buildConfigurations = (
				92B749621B5B59BC00059BF2 /* Debug */,
				92B749631B5B59BC00059BF2 /* Release */,
			);
			defaultConfigurationIsVisible = 0;
			defaultConfigurationName = Release;
		};
/* End XCConfigurationList section */
	};
	rootObject = 92B749371B5B59BB00059BF2 /* Project object */;
}
