// !$*UTF8*$!
{
	archiveVersion = 1;
	classes = {
	};
	objectVersion = 46;
	objects = {

/* Begin PBXBuildFile section */
		92C7006D1B621BA800A20C57 /* AppDelegate.swift in Sources */ = {isa = PBXBuildFile; fileRef = 92C7006C1B621BA800A20C57 /* AppDelegate.swift */; };
		92C7006F1B621BA800A20C57 /* ViewController.swift in Sources */ = {isa = PBXBuildFile; fileRef = 92C7006E1B621BA800A20C57 /* ViewController.swift */; };
		92C700721B621BA800A20C57 /* Main.storyboard in Resources */ = {isa = PBXBuildFile; fileRef = 92C700701B621BA800A20C57 /* Main.storyboard */; };
		92C700741B621BA800A20C57 /* Images.xcassets in Resources */ = {isa = PBXBuildFile; fileRef = 92C700731B621BA800A20C57 /* Images.xcassets */; };
		92C700771B621BA800A20C57 /* LaunchScreen.xib in Resources */ = {isa = PBXBuildFile; fileRef = 92C700751B621BA800A20C57 /* LaunchScreen.xib */; };
		92C7008D1B621BD700A20C57 /* blue_circle.png in Resources */ = {isa = PBXBuildFile; fileRef = 92C7008C1B621BD700A20C57 /* blue_circle.png */; };
		92C7008F1B621BE000A20C57 /* red_circle.png in Resources */ = {isa = PBXBuildFile; fileRef = 92C7008E1B621BE000A20C57 /* red_circle.png */; };
/* End PBXBuildFile section */

/* Begin PBXContainerItemProxy section */
		92C7007D1B621BA800A20C57 /* PBXContainerItemProxy */ = {
			isa = PBXContainerItemProxy;
			containerPortal = 92C7005F1B621BA800A20C57 /* Project object */;
			proxyType = 1;
			remoteGlobalIDString = 92C700661B621BA800A20C57;
			remoteInfo = shoushimima;
		};
/* End PBXContainerItemProxy section */

/* Begin PBXFileReference section */
		92C700671B621BA800A20C57 /* shoushimima.app */ = {isa = PBXFileReference; explicitFileType = wrapper.application; includeInIndex = 0; path = shoushimima.app; sourceTree = BUILT_PRODUCTS_DIR; };
		92C7006B1B621BA800A20C57 /* Info.plist */ = {isa = PBXFileReference; lastKnownFileType = text.plist.xml; path = Info.plist; sourceTree = "<group>"; };
		92C7006C1B621BA800A20C57 /* AppDelegate.swift */ = {isa = PBXFileReference; lastKnownFileType = sourcecode.swift; path = AppDelegate.swift; sourceTree = "<group>"; };
		92C7006E1B621BA800A20C57 /* ViewController.swift */ = {isa = PBXFileReference; lastKnownFileType = sourcecode.swift; path = ViewController.swift; sourceTree = "<group>"; };
		92C700711B621BA800A20C57 /* Base */ = {isa = PBXFileReference; lastKnownFileType = file.storyboard; name = Base; path = Base.lproj/Main.storyboard; sourceTree = "<group>"; };
		92C700731B621BA800A20C57 /* Images.xcassets */ = {isa = PBXFileReference; lastKnownFileType = folder.assetcatalog; path = Images.xcassets; sourceTree = "<group>"; };
		92C700761B621BA800A20C57 /* Base */ = {isa = PBXFileReference; lastKnownFileType = file.xib; name = Base; path = Base.lproj/LaunchScreen.xib; sourceTree = "<group>"; };
		92C7007C1B621BA800A20C57 /* shoushimimaTests.xctest */ = {isa = PBXFileReference; explicitFileType = wrapper.cfbundle; includeInIndex = 0; path = shoushimimaTests.xctest; sourceTree = BUILT_PRODUCTS_DIR; };
		92C7008C1B621BD700A20C57 /* blue_circle.png */ = {isa = PBXFileReference; lastKnownFileType = image.png; path = blue_circle.png; sourceTree = "<group>"; };
		92C7008E1B621BE000A20C57 /* red_circle.png */ = {isa = PBXFileReference; lastKnownFileType = image.png; path = red_circle.png; sourceTree = "<group>"; };
		92C700901B62238700A20C57 /* MyPlayground.playground */ = {isa = PBXFileReference; lastKnownFileType = file.playground; path = MyPlayground.playground; sourceTree = "<group>"; };
/* End PBXFileReference section */

/* Begin PBXFrameworksBuildPhase section */
		92C700641B621BA800A20C57 /* Frameworks */ = {
			isa = PBXFrameworksBuildPhase;
			buildActionMask = 2147483647;
			files = (
			);
			runOnlyForDeploymentPostprocessing = 0;
		};
		92C700791B621BA800A20C57 /* Frameworks */ = {
			isa = PBXFrameworksBuildPhase;
			buildActionMask = 2147483647;
			files = (
			);
			runOnlyForDeploymentPostprocessing = 0;
		};
/* End PBXFrameworksBuildPhase section */

/* Begin PBXGroup section */
		92C7005E1B621BA800A20C57 = {
			isa = PBXGroup;
			children = (
				92C700691B621BA800A20C57 /* shoushimima */,
				92C700681B621BA800A20C57 /* Products */,
			);
			sourceTree = "<group>";
		};
		92C700681B621BA800A20C57 /* Products */ = {
			isa = PBXGroup;
			children = (
				92C700671B621BA800A20C57 /* shoushimima.app */,
				92C7007C1B621BA800A20C57 /* shoushimimaTests.xctest */,
			);
			name = Products;
			sourceTree = "<group>";
		};
		92C700691B621BA800A20C57 /* shoushimima */ = {
			isa = PBXGroup;
			children = (
				92C7006C1B621BA800A20C57 /* AppDelegate.swift */,
				92C7006E1B621BA800A20C57 /* ViewController.swift */,
				92C700901B62238700A20C57 /* MyPlayground.playground */,
				92C7008C1B621BD700A20C57 /* blue_circle.png */,
				92C7008E1B621BE000A20C57 /* red_circle.png */,
				92C700701B621BA800A20C57 /* Main.storyboard */,
				92C700731B621BA800A20C57 /* Images.xcassets */,
				92C700751B621BA800A20C57 /* LaunchScreen.xib */,
				92C7006A1B621BA800A20C57 /* Supporting Files */,
			);
			path = shoushimima;
			sourceTree = "<group>";
		};
		92C7006A1B621BA800A20C57 /* Supporting Files */ = {
			isa = PBXGroup;
			children = (
				92C7006B1B621BA800A20C57 /* Info.plist */,
			);
			name = "Supporting Files";
			sourceTree = "<group>";
		};
/* End PBXGroup section */

/* Begin PBXNativeTarget section */
		92C700661B621BA800A20C57 /* shoushimima */ = {
			isa = PBXNativeTarget;
			buildConfigurationList = 92C700861B621BA800A20C57 /* Build configuration list for PBXNativeTarget "shoushimima" */;
			buildPhases = (
				92C700631B621BA800A20C57 /* Sources */,
				92C700641B621BA800A20C57 /* Frameworks */,
				92C700651B621BA800A20C57 /* Resources */,
			);
			buildRules = (
			);
			dependencies = (
			);
			name = shoushimima;
			productName = shoushimima;
			productReference = 92C700671B621BA800A20C57 /* shoushimima.app */;
			productType = "com.apple.product-type.application";
		};
		92C7007B1B621BA800A20C57 /* shoushimimaTests */ = {
			isa = PBXNativeTarget;
			buildConfigurationList = 92C700891B621BA800A20C57 /* Build configuration list for PBXNativeTarget "shoushimimaTests" */;
			buildPhases = (
				92C700781B621BA800A20C57 /* Sources */,
				92C700791B621BA800A20C57 /* Frameworks */,
				92C7007A1B621BA800A20C57 /* Resources */,
			);
			buildRules = (
			);
			dependencies = (
				92C7007E1B621BA800A20C57 /* PBXTargetDependency */,
			);
			name = shoushimimaTests;
			productName = shoushimimaTests;
			productReference = 92C7007C1B621BA800A20C57 /* shoushimimaTests.xctest */;
			productType = "com.apple.product-type.bundle.unit-test";
		};
/* End PBXNativeTarget section */

/* Begin PBXProject section */
		92C7005F1B621BA800A20C57 /* Project object */ = {
			isa = PBXProject;
			attributes = {
				LastSwiftMigration = 0700;
				LastSwiftUpdateCheck = 0700;
				LastUpgradeCheck = 0610;
				ORGANIZATIONNAME = csii;
				TargetAttributes = {
					92C700661B621BA800A20C57 = {
						CreatedOnToolsVersion = 6.1;
					};
					92C7007B1B621BA800A20C57 = {
						CreatedOnToolsVersion = 6.1;
						TestTargetID = 92C700661B621BA800A20C57;
					};
				};
			};
			buildConfigurationList = 92C700621B621BA800A20C57 /* Build configuration list for PBXProject "shoushimima" */;
			compatibilityVersion = "Xcode 3.2";
			developmentRegion = English;
			hasScannedForEncodings = 0;
			knownRegions = (
				English,
				en,
				Base,
			);
			mainGroup = 92C7005E1B621BA800A20C57;
			productRefGroup = 92C700681B621BA800A20C57 /* Products */;
			projectDirPath = "";
			projectRoot = "";
			targets = (
				92C700661B621BA800A20C57 /* shoushimima */,
				92C7007B1B621BA800A20C57 /* shoushimimaTests */,
			);
		};
/* End PBXProject section */

/* Begin PBXResourcesBuildPhase section */
		92C700651B621BA800A20C57 /* Resources */ = {
			isa = PBXResourcesBuildPhase;
			buildActionMask = 2147483647;
			files = (
				92C700721B621BA800A20C57 /* Main.storyboard in Resources */,
				92C700771B621BA800A20C57 /* LaunchScreen.xib in Resources */,
				92C7008F1B621BE000A20C57 /* red_circle.png in Resources */,
				92C700741B621BA800A20C57 /* Images.xcassets in Resources */,
				92C7008D1B621BD700A20C57 /* blue_circle.png in Resources */,
			);
			runOnlyForDeploymentPostprocessing = 0;
		};
		92C7007A1B621BA800A20C57 /* Resources */ = {
			isa = PBXResourcesBuildPhase;
			buildActionMask = 2147483647;
			files = (
			);
			runOnlyForDeploymentPostprocessing = 0;
		};
/* End PBXResourcesBuildPhase section */

/* Begin PBXSourcesBuildPhase section */
		92C700631B621BA800A20C57 /* Sources */ = {
			isa = PBXSourcesBuildPhase;
			buildActionMask = 2147483647;
			files = (
				92C7006F1B621BA800A20C57 /* ViewController.swift in Sources */,
				92C7006D1B621BA800A20C57 /* AppDelegate.swift in Sources */,
			);
			runOnlyForDeploymentPostprocessing = 0;
		};
		92C700781B621BA800A20C57 /* Sources */ = {
			isa = PBXSourcesBuildPhase;
			buildActionMask = 2147483647;
			files = (
			);
			runOnlyForDeploymentPostprocessing = 0;
		};
/* End PBXSourcesBuildPhase section */

/* Begin PBXTargetDependency section */
		92C7007E1B621BA800A20C57 /* PBXTargetDependency */ = {
			isa = PBXTargetDependency;
			target = 92C700661B621BA800A20C57 /* shoushimima */;
			targetProxy = 92C7007D1B621BA800A20C57 /* PBXContainerItemProxy */;
		};
/* End PBXTargetDependency section */

/* Begin PBXVariantGroup section */
		92C700701B621BA800A20C57 /* Main.storyboard */ = {
			isa = PBXVariantGroup;
			children = (
				92C700711B621BA800A20C57 /* Base */,
			);
			name = Main.storyboard;
			sourceTree = "<group>";
		};
		92C700751B621BA800A20C57 /* LaunchScreen.xib */ = {
			isa = PBXVariantGroup;
			children = (
				92C700761B621BA800A20C57 /* Base */,
			);
			name = LaunchScreen.xib;
			sourceTree = "<group>";
		};
/* End PBXVariantGroup section */

/* Begin XCBuildConfiguration section */
		92C700841B621BA800A20C57 /* Debug */ = {
			isa = XCBuildConfiguration;
			buildSettings = {
				ALWAYS_SEARCH_USER_PATHS = NO;
				CLANG_CXX_LANGUAGE_STANDARD = "gnu++0x";
				CLANG_CXX_LIBRARY = "libc++";
				CLANG_ENABLE_MODULES = YES;
				CLANG_ENABLE_OBJC_ARC = YES;
				CLANG_WARN_BOOL_CONVERSION = YES;
				CLANG_WARN_CONSTANT_CONVERSION = YES;
				CLANG_WARN_DIRECT_OBJC_ISA_USAGE = YES_ERROR;
				CLANG_WARN_EMPTY_BODY = YES;
				CLANG_WARN_ENUM_CONVERSION = YES;
				CLANG_WARN_INT_CONVERSION = YES;
				CLANG_WARN_OBJC_ROOT_CLASS = YES_ERROR;
				CLANG_WARN_UNREACHABLE_CODE = YES;
				CLANG_WARN__DUPLICATE_METHOD_MATCH = YES;
				"CODE_SIGN_IDENTITY[sdk=iphoneos*]" = "iPhone Developer";
				COPY_PHASE_STRIP = NO;
				ENABLE_STRICT_OBJC_MSGSEND = YES;
				GCC_C_LANGUAGE_STANDARD = gnu99;
				GCC_DYNAMIC_NO_PIC = NO;
				GCC_OPTIMIZATION_LEVEL = 0;
				GCC_PREPROCESSOR_DEFINITIONS = (
					"DEBUG=1",
					"$(inherited)",
				);
				GCC_SYMBOLS_PRIVATE_EXTERN = NO;
				GCC_WARN_64_TO_32_BIT_CONVERSION = YES;
				GCC_WARN_ABOUT_RETURN_TYPE = YES_ERROR;
				GCC_WARN_UNDECLARED_SELECTOR = YES;
				GCC_WARN_UNINITIALIZED_AUTOS = YES_AGGRESSIVE;
				GCC_WARN_UNUSED_FUNCTION = YES;
				GCC_WARN_UNUSED_VARIABLE = YES;
				IPHONEOS_DEPLOYMENT_TARGET = 8.1;
				MTL_ENABLE_DEBUG_INFO = YES;
				ONLY_ACTIVE_ARCH = YES;
				SDKROOT = iphoneos;
				SWIFT_OPTIMIZATION_LEVEL = "-Onone";
				TARGETED_DEVICE_FAMILY = "1,2";
			};
			name = Debug;
		};
		92C700851B621BA800A20C57 /* Release */ = {
			isa = XCBuildConfiguration;
			buildSettings = {
				ALWAYS_SEARCH_USER_PATHS = NO;
				CLANG_CXX_LANGUAGE_STANDARD = "gnu++0x";
				CLANG_CXX_LIBRARY = "libc++";
				CLANG_ENABLE_MODULES = YES;
				CLANG_ENABLE_OBJC_ARC = YES;
				CLANG_WARN_BOOL_CONVERSION = YES;
				CLANG_WARN_CONSTANT_CONVERSION = YES;
				CLANG_WARN_DIRECT_OBJC_ISA_USAGE = YES_ERROR;
				CLANG_WARN_EMPTY_BODY = YES;
				CLANG_WARN_ENUM_CONVERSION = YES;
				CLANG_WARN_INT_CONVERSION = YES;
				CLANG_WARN_OBJC_ROOT_CLASS = YES_ERROR;
				CLANG_WARN_UNREACHABLE_CODE = YES;
				CLANG_WARN__DUPLICATE_METHOD_MATCH = YES;
				"CODE_SIGN_IDENTITY[sdk=iphoneos*]" = "iPhone Developer";
				COPY_PHASE_STRIP = YES;
				ENABLE_NS_ASSERTIONS = NO;
				ENABLE_STRICT_OBJC_MSGSEND = YES;
				GCC_C_LANGUAGE_STANDARD = gnu99;
				GCC_WARN_64_TO_32_BIT_CONVERSION = YES;
				GCC_WARN_ABOUT_RETURN_TYPE = YES_ERROR;
				GCC_WARN_UNDECLARED_SELECTOR = YES;
				GCC_WARN_UNINITIALIZED_AUTOS = YES_AGGRESSIVE;
				GCC_WARN_UNUSED_FUNCTION = YES;
				GCC_WARN_UNUSED_VARIABLE = YES;
				IPHONEOS_DEPLOYMENT_TARGET = 8.1;
				MTL_ENABLE_DEBUG_INFO = NO;
				SDKROOT = iphoneos;
				TARGETED_DEVICE_FAMILY = "1,2";
				VALIDATE_PRODUCT = YES;
			};
			name = Release;
		};
		92C700871B621BA800A20C57 /* Debug */ = {
			isa = XCBuildConfiguration;
			buildSettings = {
				ASSETCATALOG_COMPILER_APPICON_NAME = AppIcon;
				CODE_SIGN_IDENTITY = "iPhone Distribution: Client Service International, Inc.";
				"CODE_SIGN_IDENTITY[sdk=iphoneos*]" = "iPhone Distribution: Client Service International, Inc.";
				INFOPLIST_FILE = shoushimima/Info.plist;
				IPHONEOS_DEPLOYMENT_TARGET = 11.0;
				LD_RUNPATH_SEARCH_PATHS = "$(inherited) @executable_path/Frameworks";
				PRODUCT_NAME = "$(TARGET_NAME)";
				PROVISIONING_PROFILE = "e39d91a1-b23d-42aa-878b-115d5b907221";
				"PROVISIONING_PROFILE[sdk=*]" = "e39d91a1-b23d-42aa-878b-115d5b907221";
				SWIFT_VERSION = 5.0;
			};
			name = Debug;
		};
		92C700881B621BA800A20C57 /* Release */ = {
			isa = XCBuildConfiguration;
			buildSettings = {
				ASSETCATALOG_COMPILER_APPICON_NAME = AppIcon;
				CODE_SIGN_IDENTITY = "iPhone Distribution: Client Service International, Inc.";
				"CODE_SIGN_IDENTITY[sdk=iphoneos*]" = "iPhone Distribution: Client Service International, Inc.";
				INFOPLIST_FILE = shoushimima/Info.plist;
				IPHONEOS_DEPLOYMENT_TARGET = 11.0;
				LD_RUNPATH_SEARCH_PATHS = "$(inherited) @executable_path/Frameworks";
				PRODUCT_NAME = "$(TARGET_NAME)";
				PROVISIONING_PROFILE = "e39d91a1-b23d-42aa-878b-115d5b907221";
				"PROVISIONING_PROFILE[sdk=*]" = "e39d91a1-b23d-42aa-878b-115d5b907221";
				SWIFT_VERSION = 5.0;
			};
			name = Release;
		};
		92C7008A1B621BA800A20C57 /* Debug */ = {
			isa = XCBuildConfiguration;
			buildSettings = {
				BUNDLE_LOADER = "$(TEST_HOST)";
				FRAMEWORK_SEARCH_PATHS = (
					"$(SDKROOT)/Developer/Library/Frameworks",
					"$(inherited)",
				);
				GCC_PREPROCESSOR_DEFINITIONS = (
					"DEBUG=1",
					"$(inherited)",
				);
				INFOPLIST_FILE = shoushimimaTests/Info.plist;
				LD_RUNPATH_SEARCH_PATHS = "$(inherited) @executable_path/Frameworks @loader_path/Frameworks";
				PRODUCT_NAME = "$(TARGET_NAME)";
				TEST_HOST = "$(BUILT_PRODUCTS_DIR)/shoushimima.app/shoushimima";
			};
			name = Debug;
		};
		92C7008B1B621BA800A20C57 /* Release */ = {
			isa = XCBuildConfiguration;
			buildSettings = {
				BUNDLE_LOADER = "$(TEST_HOST)";
				FRAMEWORK_SEARCH_PATHS = (
					"$(SDKROOT)/Developer/Library/Frameworks",
					"$(inherited)",
				);
				INFOPLIST_FILE = shoushimimaTests/Info.plist;
				LD_RUNPATH_SEARCH_PATHS = "$(inherited) @executable_path/Frameworks @loader_path/Frameworks";
				PRODUCT_NAME = "$(TARGET_NAME)";
				TEST_HOST = "$(BUILT_PRODUCTS_DIR)/shoushimima.app/shoushimima";
			};
			name = Release;
		};
/* End XCBuildConfiguration section */

/* Begin XCConfigurationList section */
		92C700621B621BA800A20C57 /* Build configuration list for PBXProject "shoushimima" */ = {
			isa = XCConfigurationList;
			buildConfigurations = (
				92C700841B621BA800A20C57 /* Debug */,
				92C700851B621BA800A20C57 /* Release */,
			);
			defaultConfigurationIsVisible = 0;
			defaultConfigurationName = Release;
		};
		92C700861B621BA800A20C57 /* Build configuration list for PBXNativeTarget "shoushimima" */ = {
			isa = XCConfigurationList;
			buildConfigurations = (
				92C700871B621BA800A20C57 /* Debug */,
				92C700881B621BA800A20C57 /* Release */,
			);
			defaultConfigurationIsVisible = 0;
			defaultConfigurationName = Release;
		};
		92C700891B621BA800A20C57 /* Build configuration list for PBXNativeTarget "shoushimimaTests" */ = {
			isa = XCConfigurationList;
			buildConfigurations = (
				92C7008A1B621BA800A20C57 /* Debug */,
				92C7008B1B621BA800A20C57 /* Release */,
			);
			defaultConfigurationIsVisible = 0;
			defaultConfigurationName = Release;
		};
/* End XCConfigurationList section */
	};
	rootObject = 92C7005F1B621BA800A20C57 /* Project object */;
}
