// !$*UTF8*$!
{
	archiveVersion = 1;
	classes = {
	};
	objectVersion = 50;
	objects = {

/* Begin PBXBuildFile section */
		AACC8CAA21C3EE0800F97B18 /* AppDelegate.m in Sources */ = {isa = PBXBuildFile; fileRef = AACC8CA921C3EE0800F97B18 /* AppDelegate.m */; };
		AACC8CAD21C3EE0800F97B18 /* ViewController.m in Sources */ = {isa = PBXBuildFile; fileRef = AACC8CAC21C3EE0800F97B18 /* ViewController.m */; };
		AACC8CB021C3EE0800F97B18 /* Main.storyboard in Resources */ = {isa = PBXBuildFile; fileRef = AACC8CAE21C3EE0800F97B18 /* Main.storyboard */; };
		AACC8CB221C3EE0900F97B18 /* Assets.xcassets in Resources */ = {isa = PBXBuildFile; fileRef = AACC8CB121C3EE0900F97B18 /* Assets.xcassets */; };
		AACC8CB521C3EE0900F97B18 /* LaunchScreen.storyboard in Resources */ = {isa = PBXBuildFile; fileRef = AACC8CB321C3EE0900F97B18 /* LaunchScreen.storyboard */; };
		AACC8CB821C3EE0900F97B18 /* main.m in Sources */ = {isa = PBXBuildFile; fileRef = AACC8CB721C3EE0900F97B18 /* main.m */; };
/* End PBXBuildFile section */

/* Begin PBXFileReference section */
		AACC8CA521C3EE0800F97B18 /* buttonBackground.app */ = {isa = PBXFileReference; explicitFileType = wrapper.application; includeInIndex = 0; path = buttonBackground.app; sourceTree = BUILT_PRODUCTS_DIR; };
		AACC8CA821C3EE0800F97B18 /* AppDelegate.h */ = {isa = PBXFileReference; lastKnownFileType = sourcecode.c.h; path = AppDelegate.h; sourceTree = "<group>"; };
		AACC8CA921C3EE0800F97B18 /* AppDelegate.m */ = {isa = PBXFileReference; lastKnownFileType = sourcecode.c.objc; path = AppDelegate.m; sourceTree = "<group>"; };
		AACC8CAB21C3EE0800F97B18 /* ViewController.h */ = {isa = PBXFileReference; lastKnownFileType = sourcecode.c.h; path = ViewController.h; sourceTree = "<group>"; };
		AACC8CAC21C3EE0800F97B18 /* ViewController.m */ = {isa = PBXFileReference; lastKnownFileType = sourcecode.c.objc; path = ViewController.m; sourceTree = "<group>"; };
		AACC8CAF21C3EE0800F97B18 /* Base */ = {isa = PBXFileReference; lastKnownFileType = file.storyboard; name = Base; path = Base.lproj/Main.storyboard; sourceTree = "<group>"; };
		AACC8CB121C3EE0900F97B18 /* Assets.xcassets */ = {isa = PBXFileReference; lastKnownFileType = folder.assetcatalog; path = Assets.xcassets; sourceTree = "<group>"; };
		AACC8CB421C3EE0900F97B18 /* Base */ = {isa = PBXFileReference; lastKnownFileType = file.storyboard; name = Base; path = Base.lproj/LaunchScreen.storyboard; sourceTree = "<group>"; };
		AACC8CB621C3EE0900F97B18 /* Info.plist */ = {isa = PBXFileReference; lastKnownFileType = text.plist.xml; path = Info.plist; sourceTree = "<group>"; };
		AACC8CB721C3EE0900F97B18 /* main.m */ = {isa = PBXFileReference; lastKnownFileType = sourcecode.c.objc; path = main.m; sourceTree = "<group>"; };
/* End PBXFileReference section */

/* Begin PBXFrameworksBuildPhase section */
		AACC8CA221C3EE0800F97B18 /* Frameworks */ = {
			isa = PBXFrameworksBuildPhase;
			buildActionMask = 2147483647;
			files = (
			);
			runOnlyForDeploymentPostprocessing = 0;
		};
/* End PBXFrameworksBuildPhase section */

/* Begin PBXGroup section */
		AACC8C9C21C3EE0800F97B18 = {
			isa = PBXGroup;
			children = (
				AACC8CA721C3EE0800F97B18 /* buttonBackground */,
				AACC8CA621C3EE0800F97B18 /* Products */,
			);
			sourceTree = "<group>";
		};
		AACC8CA621C3EE0800F97B18 /* Products */ = {
			isa = PBXGroup;
			children = (
				AACC8CA521C3EE0800F97B18 /* buttonBackground.app */,
			);
			name = Products;
			sourceTree = "<group>";
		};
		AACC8CA721C3EE0800F97B18 /* buttonBackground */ = {
			isa = PBXGroup;
			children = (
				AACC8CA821C3EE0800F97B18 /* AppDelegate.h */,
				AACC8CA921C3EE0800F97B18 /* AppDelegate.m */,
				AACC8CAB21C3EE0800F97B18 /* ViewController.h */,
				AACC8CAC21C3EE0800F97B18 /* ViewController.m */,
				AACC8CAE21C3EE0800F97B18 /* Main.storyboard */,
				AACC8CB121C3EE0900F97B18 /* Assets.xcassets */,
				AACC8CB321C3EE0900F97B18 /* LaunchScreen.storyboard */,
				AACC8CB621C3EE0900F97B18 /* Info.plist */,
				AACC8CB721C3EE0900F97B18 /* main.m */,
			);
			path = buttonBackground;
			sourceTree = "<group>";
		};
/* End PBXGroup section */

/* Begin PBXNativeTarget section */
		AACC8CA421C3EE0800F97B18 /* buttonBackground */ = {
			isa = PBXNativeTarget;
			buildConfigurationList = AACC8CBB21C3EE0900F97B18 /* Build configuration list for PBXNativeTarget "buttonBackground" */;
			buildPhases = (
				AACC8CA121C3EE0800F97B18 /* Sources */,
				AACC8CA221C3EE0800F97B18 /* Frameworks */,
				AACC8CA321C3EE0800F97B18 /* Resources */,
			);
			buildRules = (
			);
			dependencies = (
			);
			name = buttonBackground;
			productName = buttonBackground;
			productReference = AACC8CA521C3EE0800F97B18 /* buttonBackground.app */;
			productType = "com.apple.product-type.application";
		};
/* End PBXNativeTarget section */

/* Begin PBXProject section */
		AACC8C9D21C3EE0800F97B18 /* Project object */ = {
			isa = PBXProject;
			attributes = {
				LastUpgradeCheck = 1010;
				ORGANIZATIONNAME = Gmingyue;
				TargetAttributes = {
					AACC8CA421C3EE0800F97B18 = {
						CreatedOnToolsVersion = 10.1;
					};
				};
			};
			buildConfigurationList = AACC8CA021C3EE0800F97B18 /* Build configuration list for PBXProject "buttonBackground" */;
			compatibilityVersion = "Xcode 9.3";
			developmentRegion = en;
			hasScannedForEncodings = 0;
			knownRegions = (
				en,
				Base,
			);
			mainGroup = AACC8C9C21C3EE0800F97B18;
			productRefGroup = AACC8CA621C3EE0800F97B18 /* Products */;
			projectDirPath = "";
			projectRoot = "";
			targets = (
				AACC8CA421C3EE0800F97B18 /* buttonBackground */,
			);
		};
/* End PBXProject section */

/* Begin PBXResourcesBuildPhase section */
		AACC8CA321C3EE0800F97B18 /* Resources */ = {
			isa = PBXResourcesBuildPhase;
			buildActionMask = 2147483647;
			files = (
				AACC8CB521C3EE0900F97B18 /* LaunchScreen.storyboard in Resources */,
				AACC8CB221C3EE0900F97B18 /* Assets.xcassets in Resources */,
				AACC8CB021C3EE0800F97B18 /* Main.storyboard in Resources */,
			);
			runOnlyForDeploymentPostprocessing = 0;
		};
/* End PBXResourcesBuildPhase section */

/* Begin PBXSourcesBuildPhase section */
		AACC8CA121C3EE0800F97B18 /* Sources */ = {
			isa = PBXSourcesBuildPhase;
			buildActionMask = 2147483647;
			files = (
				AACC8CAD21C3EE0800F97B18 /* ViewController.m in Sources */,
				AACC8CB821C3EE0900F97B18 /* main.m in Sources */,
				AACC8CAA21C3EE0800F97B18 /* AppDelegate.m in Sources */,
			);
			runOnlyForDeploymentPostprocessing = 0;
		};
/* End PBXSourcesBuildPhase section */

/* Begin PBXVariantGroup section */
		AACC8CAE21C3EE0800F97B18 /* Main.storyboard */ = {
			isa = PBXVariantGroup;
			children = (
				AACC8CAF21C3EE0800F97B18 /* Base */,
			);
			name = Main.storyboard;
			sourceTree = "<group>";
		};
		AACC8CB321C3EE0900F97B18 /* LaunchScreen.storyboard */ = {
			isa = PBXVariantGroup;
			children = (
				AACC8CB421C3EE0900F97B18 /* Base */,
			);
			name = LaunchScreen.storyboard;
			sourceTree = "<group>";
		};
/* End PBXVariantGroup section */

/* Begin XCBuildConfiguration section */
		AACC8CB921C3EE0900F97B18 /* Debug */ = {
			isa = XCBuildConfiguration;
			buildSettings = {
				ALWAYS_SEARCH_USER_PATHS = NO;
				CLANG_ANALYZER_NONNULL = YES;
				CLANG_ANALYZER_NUMBER_OBJECT_CONVERSION = YES_AGGRESSIVE;
				CLANG_CXX_LANGUAGE_STANDARD = "gnu++14";
				CLANG_CXX_LIBRARY = "libc++";
				CLANG_ENABLE_MODULES = YES;
				CLANG_ENABLE_OBJC_ARC = YES;
				CLANG_ENABLE_OBJC_WEAK = YES;
				CLANG_WARN_BLOCK_CAPTURE_AUTORELEASING = YES;
				CLANG_WARN_BOOL_CONVERSION = YES;
				CLANG_WARN_COMMA = YES;
				CLANG_WARN_CONSTANT_CONVERSION = YES;
				CLANG_WARN_DEPRECATED_OBJC_IMPLEMENTATIONS = YES;
				CLANG_WARN_DIRECT_OBJC_ISA_USAGE = YES_ERROR;
				CLANG_WARN_DOCUMENTATION_COMMENTS = YES;
				CLANG_WARN_EMPTY_BODY = YES;
				CLANG_WARN_ENUM_CONVERSION = YES;
				CLANG_WARN_INFINITE_RECURSION = YES;
				CLANG_WARN_INT_CONVERSION = YES;
				CLANG_WARN_NON_LITERAL_NULL_CONVERSION = YES;
				CLANG_WARN_OBJC_IMPLICIT_RETAIN_SELF = YES;
				CLANG_WARN_OBJC_LITERAL_CONVERSION = YES;
				CLANG_WARN_OBJC_ROOT_CLASS = YES_ERROR;
				CLANG_WARN_RANGE_LOOP_ANALYSIS = YES;
				CLANG_WARN_STRICT_PROTOTYPES = YES;
				CLANG_WARN_SUSPICIOUS_MOVE = YES;
				CLANG_WARN_UNGUARDED_AVAILABILITY = YES_AGGRESSIVE;
				CLANG_WARN_UNREACHABLE_CODE = YES;
				CLANG_WARN__DUPLICATE_METHOD_MATCH = YES;
				CODE_SIGN_IDENTITY = "iPhone Developer";
				COPY_PHASE_STRIP = NO;
				DEBUG_INFORMATION_FORMAT = dwarf;
				ENABLE_STRICT_OBJC_MSGSEND = YES;
				ENABLE_TESTABILITY = YES;
				GCC_C_LANGUAGE_STANDARD = gnu11;
				GCC_DYNAMIC_NO_PIC = NO;
				GCC_NO_COMMON_BLOCKS = YES;
				GCC_OPTIMIZATION_LEVEL = 0;
				GCC_PREPROCESSOR_DEFINITIONS = (
					"DEBUG=1",
					"$(inherited)",
				);
				GCC_WARN_64_TO_32_BIT_CONVERSION = YES;
				GCC_WARN_ABOUT_RETURN_TYPE = YES_ERROR;
				GCC_WARN_UNDECLARED_SELECTOR = YES;
				GCC_WARN_UNINITIALIZED_AUTOS = YES_AGGRESSIVE;
				GCC_WARN_UNUSED_FUNCTION = YES;
				GCC_WARN_UNUSED_VARIABLE = YES;
				IPHONEOS_DEPLOYMENT_TARGET = 12.1;
				MTL_ENABLE_DEBUG_INFO = INCLUDE_SOURCE;
				MTL_FAST_MATH = YES;
				ONLY_ACTIVE_ARCH = YES;
				SDKROOT = iphoneos;
			};
			name = Debug;
		};
		AACC8CBA21C3EE0900F97B18 /* Release */ = {
			isa = XCBuildConfiguration;
			buildSettings = {
				ALWAYS_SEARCH_USER_PATHS = NO;
				CLANG_ANALYZER_NONNULL = YES;
				CLANG_ANALYZER_NUMBER_OBJECT_CONVERSION = YES_AGGRESSIVE;
				CLANG_CXX_LANGUAGE_STANDARD = "gnu++14";
				CLANG_CXX_LIBRARY = "libc++";
				CLANG_ENABLE_MODULES = YES;
				CLANG_ENABLE_OBJC_ARC = YES;
				CLANG_ENABLE_OBJC_WEAK = YES;
				CLANG_WARN_BLOCK_CAPTURE_AUTORELEASING = YES;
				CLANG_WARN_BOOL_CONVERSION = YES;
				CLANG_WARN_COMMA = YES;
				CLANG_WARN_CONSTANT_CONVERSION = YES;
				CLANG_WARN_DEPRECATED_OBJC_IMPLEMENTATIONS = YES;
				CLANG_WARN_DIRECT_OBJC_ISA_USAGE = YES_ERROR;
				CLANG_WARN_DOCUMENTATION_COMMENTS = YES;
				CLANG_WARN_EMPTY_BODY = YES;
				CLANG_WARN_ENUM_CONVERSION = YES;
				CLANG_WARN_INFINITE_RECURSION = YES;
				CLANG_WARN_INT_CONVERSION = YES;
				CLANG_WARN_NON_LITERAL_NULL_CONVERSION = YES;
				CLANG_WARN_OBJC_IMPLICIT_RETAIN_SELF = YES;
				CLANG_WARN_OBJC_LITERAL_CONVERSION = YES;
				CLANG_WARN_OBJC_ROOT_CLASS = YES_ERROR;
				CLANG_WARN_RANGE_LOOP_ANALYSIS = YES;
				CLANG_WARN_STRICT_PROTOTYPES = YES;
				CLANG_WARN_SUSPICIOUS_MOVE = YES;
				CLANG_WARN_UNGUARDED_AVAILABILITY = YES_AGGRESSIVE;
				CLANG_WARN_UNREACHABLE_CODE = YES;
				CLANG_WARN__DUPLICATE_METHOD_MATCH = YES;
				CODE_SIGN_IDENTITY = "iPhone Developer";
				COPY_PHASE_STRIP = NO;
				DEBUG_INFORMATION_FORMAT = "dwarf-with-dsym";
				ENABLE_NS_ASSERTIONS = NO;
				ENABLE_STRICT_OBJC_MSGSEND = YES;
				GCC_C_LANGUAGE_STANDARD = gnu11;
				GCC_NO_COMMON_BLOCKS = YES;
				GCC_WARN_64_TO_32_BIT_CONVERSION = YES;
				GCC_WARN_ABOUT_RETURN_TYPE = YES_ERROR;
				GCC_WARN_UNDECLARED_SELECTOR = YES;
				GCC_WARN_UNINITIALIZED_AUTOS = YES_AGGRESSIVE;
				GCC_WARN_UNUSED_FUNCTION = YES;
				GCC_WARN_UNUSED_VARIABLE = YES;
				IPHONEOS_DEPLOYMENT_TARGET = 12.1;
				MTL_ENABLE_DEBUG_INFO = NO;
				MTL_FAST_MATH = YES;
				SDKROOT = iphoneos;
				VALIDATE_PRODUCT = YES;
			};
			name = Release;
		};
		AACC8CBC21C3EE0900F97B18 /* Debug */ = {
			isa = XCBuildConfiguration;
			buildSettings = {
				ASSETCATALOG_COMPILER_APPICON_NAME = AppIcon;
				CODE_SIGN_STYLE = Automatic;
				INFOPLIST_FILE = buttonBackground/Info.plist;
				LD_RUNPATH_SEARCH_PATHS = (
					"$(inherited)",
					"@executable_path/Frameworks",
				);
				PRODUCT_BUNDLE_IDENTIFIER = com.mingyuefly.com.buttonBackground;
				PRODUCT_NAME = "$(TARGET_NAME)";
				TARGETED_DEVICE_FAMILY = "1,2";
			};
			name = Debug;
		};
		AACC8CBD21C3EE0900F97B18 /* Release */ = {
			isa = XCBuildConfiguration;
			buildSettings = {
				ASSETCATALOG_COMPILER_APPICON_NAME = AppIcon;
				CODE_SIGN_STYLE = Automatic;
				INFOPLIST_FILE = buttonBackground/Info.plist;
				LD_RUNPATH_SEARCH_PATHS = (
					"$(inherited)",
					"@executable_path/Frameworks",
				);
				PRODUCT_BUNDLE_IDENTIFIER = com.mingyuefly.com.buttonBackground;
				PRODUCT_NAME = "$(TARGET_NAME)";
				TARGETED_DEVICE_FAMILY = "1,2";
			};
			name = Release;
		};
/* End XCBuildConfiguration section */

/* Begin XCConfigurationList section */
		AACC8CA021C3EE0800F97B18 /* Build configuration list for PBXProject "buttonBackground" */ = {
			isa = XCConfigurationList;
			buildConfigurations = (
				AACC8CB921C3EE0900F97B18 /* Debug */,
				AACC8CBA21C3EE0900F97B18 /* Release */,
			);
			defaultConfigurationIsVisible = 0;
			defaultConfigurationName = Release;
		};
		AACC8CBB21C3EE0900F97B18 /* Build configuration list for PBXNativeTarget "buttonBackground" */ = {
			isa = XCConfigurationList;
			buildConfigurations = (
				AACC8CBC21C3EE0900F97B18 /* Debug */,
				AACC8CBD21C3EE0900F97B18 /* Release */,
			);
			defaultConfigurationIsVisible = 0;
			defaultConfigurationName = Release;
		};
/* End XCConfigurationList section */
	};
	rootObject = AACC8C9D21C3EE0800F97B18 /* Project object */;
}
