// !$*UTF8*$!
{
	archiveVersion = 1;
	classes = {
	};
	objectVersion = 50;
	objects = {

/* Begin PBXBuildFile section */
		AA9ACBC9223F84A300A8F005 /* AppDelegate.m in Sources */ = {isa = PBXBuildFile; fileRef = AA9ACBC8223F84A300A8F005 /* AppDelegate.m */; };
		AA9ACBCC223F84A300A8F005 /* ViewController.m in Sources */ = {isa = PBXBuildFile; fileRef = AA9ACBCB223F84A300A8F005 /* ViewController.m */; };
		AA9ACBCF223F84A300A8F005 /* Main.storyboard in Resources */ = {isa = PBXBuildFile; fileRef = AA9ACBCD223F84A300A8F005 /* Main.storyboard */; };
		AA9ACBD1223F84A500A8F005 /* Assets.xcassets in Resources */ = {isa = PBXBuildFile; fileRef = AA9ACBD0223F84A500A8F005 /* Assets.xcassets */; };
		AA9ACBD4223F84A500A8F005 /* LaunchScreen.storyboard in Resources */ = {isa = PBXBuildFile; fileRef = AA9ACBD2223F84A500A8F005 /* LaunchScreen.storyboard */; };
		AA9ACBD7223F84A500A8F005 /* main.m in Sources */ = {isa = PBXBuildFile; fileRef = AA9ACBD6223F84A500A8F005 /* main.m */; };
/* End PBXBuildFile section */

/* Begin PBXFileReference section */
		AA9ACBC4223F84A300A8F005 /* textfield.app */ = {isa = PBXFileReference; explicitFileType = wrapper.application; includeInIndex = 0; path = textfield.app; sourceTree = BUILT_PRODUCTS_DIR; };
		AA9ACBC7223F84A300A8F005 /* AppDelegate.h */ = {isa = PBXFileReference; lastKnownFileType = sourcecode.c.h; path = AppDelegate.h; sourceTree = "<group>"; };
		AA9ACBC8223F84A300A8F005 /* AppDelegate.m */ = {isa = PBXFileReference; lastKnownFileType = sourcecode.c.objc; path = AppDelegate.m; sourceTree = "<group>"; };
		AA9ACBCA223F84A300A8F005 /* ViewController.h */ = {isa = PBXFileReference; lastKnownFileType = sourcecode.c.h; path = ViewController.h; sourceTree = "<group>"; };
		AA9ACBCB223F84A300A8F005 /* ViewController.m */ = {isa = PBXFileReference; lastKnownFileType = sourcecode.c.objc; path = ViewController.m; sourceTree = "<group>"; };
		AA9ACBCE223F84A300A8F005 /* Base */ = {isa = PBXFileReference; lastKnownFileType = file.storyboard; name = Base; path = Base.lproj/Main.storyboard; sourceTree = "<group>"; };
		AA9ACBD0223F84A500A8F005 /* Assets.xcassets */ = {isa = PBXFileReference; lastKnownFileType = folder.assetcatalog; path = Assets.xcassets; sourceTree = "<group>"; };
		AA9ACBD3223F84A500A8F005 /* Base */ = {isa = PBXFileReference; lastKnownFileType = file.storyboard; name = Base; path = Base.lproj/LaunchScreen.storyboard; sourceTree = "<group>"; };
		AA9ACBD5223F84A500A8F005 /* Info.plist */ = {isa = PBXFileReference; lastKnownFileType = text.plist.xml; path = Info.plist; sourceTree = "<group>"; };
		AA9ACBD6223F84A500A8F005 /* main.m */ = {isa = PBXFileReference; lastKnownFileType = sourcecode.c.objc; path = main.m; sourceTree = "<group>"; };
/* End PBXFileReference section */

/* Begin PBXFrameworksBuildPhase section */
		AA9ACBC1223F84A300A8F005 /* Frameworks */ = {
			isa = PBXFrameworksBuildPhase;
			buildActionMask = 2147483647;
			files = (
			);
			runOnlyForDeploymentPostprocessing = 0;
		};
/* End PBXFrameworksBuildPhase section */

/* Begin PBXGroup section */
		AA9ACBBB223F84A300A8F005 = {
			isa = PBXGroup;
			children = (
				AA9ACBC6223F84A300A8F005 /* textfield */,
				AA9ACBC5223F84A300A8F005 /* Products */,
			);
			sourceTree = "<group>";
		};
		AA9ACBC5223F84A300A8F005 /* Products */ = {
			isa = PBXGroup;
			children = (
				AA9ACBC4223F84A300A8F005 /* textfield.app */,
			);
			name = Products;
			sourceTree = "<group>";
		};
		AA9ACBC6223F84A300A8F005 /* textfield */ = {
			isa = PBXGroup;
			children = (
				AA9ACBC7223F84A300A8F005 /* AppDelegate.h */,
				AA9ACBC8223F84A300A8F005 /* AppDelegate.m */,
				AA9ACBCA223F84A300A8F005 /* ViewController.h */,
				AA9ACBCB223F84A300A8F005 /* ViewController.m */,
				AA9ACBCD223F84A300A8F005 /* Main.storyboard */,
				AA9ACBD0223F84A500A8F005 /* Assets.xcassets */,
				AA9ACBD2223F84A500A8F005 /* LaunchScreen.storyboard */,
				AA9ACBD5223F84A500A8F005 /* Info.plist */,
				AA9ACBD6223F84A500A8F005 /* main.m */,
			);
			path = textfield;
			sourceTree = "<group>";
		};
/* End PBXGroup section */

/* Begin PBXNativeTarget section */
		AA9ACBC3223F84A300A8F005 /* textfield */ = {
			isa = PBXNativeTarget;
			buildConfigurationList = AA9ACBDA223F84A500A8F005 /* Build configuration list for PBXNativeTarget "textfield" */;
			buildPhases = (
				AA9ACBC0223F84A300A8F005 /* Sources */,
				AA9ACBC1223F84A300A8F005 /* Frameworks */,
				AA9ACBC2223F84A300A8F005 /* Resources */,
			);
			buildRules = (
			);
			dependencies = (
			);
			name = textfield;
			productName = textfield;
			productReference = AA9ACBC4223F84A300A8F005 /* textfield.app */;
			productType = "com.apple.product-type.application";
		};
/* End PBXNativeTarget section */

/* Begin PBXProject section */
		AA9ACBBC223F84A300A8F005 /* Project object */ = {
			isa = PBXProject;
			attributes = {
				LastUpgradeCheck = 1010;
				ORGANIZATIONNAME = Gmingyue;
				TargetAttributes = {
					AA9ACBC3223F84A300A8F005 = {
						CreatedOnToolsVersion = 10.1;
					};
				};
			};
			buildConfigurationList = AA9ACBBF223F84A300A8F005 /* Build configuration list for PBXProject "textfield" */;
			compatibilityVersion = "Xcode 9.3";
			developmentRegion = en;
			hasScannedForEncodings = 0;
			knownRegions = (
				en,
				Base,
			);
			mainGroup = AA9ACBBB223F84A300A8F005;
			productRefGroup = AA9ACBC5223F84A300A8F005 /* Products */;
			projectDirPath = "";
			projectRoot = "";
			targets = (
				AA9ACBC3223F84A300A8F005 /* textfield */,
			);
		};
/* End PBXProject section */

/* Begin PBXResourcesBuildPhase section */
		AA9ACBC2223F84A300A8F005 /* Resources */ = {
			isa = PBXResourcesBuildPhase;
			buildActionMask = 2147483647;
			files = (
				AA9ACBD4223F84A500A8F005 /* LaunchScreen.storyboard in Resources */,
				AA9ACBD1223F84A500A8F005 /* Assets.xcassets in Resources */,
				AA9ACBCF223F84A300A8F005 /* Main.storyboard in Resources */,
			);
			runOnlyForDeploymentPostprocessing = 0;
		};
/* End PBXResourcesBuildPhase section */

/* Begin PBXSourcesBuildPhase section */
		AA9ACBC0223F84A300A8F005 /* Sources */ = {
			isa = PBXSourcesBuildPhase;
			buildActionMask = 2147483647;
			files = (
				AA9ACBCC223F84A300A8F005 /* ViewController.m in Sources */,
				AA9ACBD7223F84A500A8F005 /* main.m in Sources */,
				AA9ACBC9223F84A300A8F005 /* AppDelegate.m in Sources */,
			);
			runOnlyForDeploymentPostprocessing = 0;
		};
/* End PBXSourcesBuildPhase section */

/* Begin PBXVariantGroup section */
		AA9ACBCD223F84A300A8F005 /* Main.storyboard */ = {
			isa = PBXVariantGroup;
			children = (
				AA9ACBCE223F84A300A8F005 /* Base */,
			);
			name = Main.storyboard;
			sourceTree = "<group>";
		};
		AA9ACBD2223F84A500A8F005 /* LaunchScreen.storyboard */ = {
			isa = PBXVariantGroup;
			children = (
				AA9ACBD3223F84A500A8F005 /* Base */,
			);
			name = LaunchScreen.storyboard;
			sourceTree = "<group>";
		};
/* End PBXVariantGroup section */

/* Begin XCBuildConfiguration section */
		AA9ACBD8223F84A500A8F005 /* Debug */ = {
			isa = XCBuildConfiguration;
			buildSettings = {
				ALWAYS_SEARCH_USER_PATHS = NO;
				CLANG_ANALYZER_NONNULL = YES;
				CLANG_ANALYZER_NUMBER_OBJECT_CONVERSION = YES_AGGRESSIVE;
				CLANG_CXX_LANGUAGE_STANDARD = "gnu++14";
				CLANG_CXX_LIBRARY = "libc++";
				CLANG_ENABLE_MODULES = YES;
				CLANG_ENABLE_OBJC_ARC = YES;
				CLANG_ENABLE_OBJC_WEAK = YES;
				CLANG_WARN_BLOCK_CAPTURE_AUTORELEASING = YES;
				CLANG_WARN_BOOL_CONVERSION = YES;
				CLANG_WARN_COMMA = YES;
				CLANG_WARN_CONSTANT_CONVERSION = YES;
				CLANG_WARN_DEPRECATED_OBJC_IMPLEMENTATIONS = YES;
				CLANG_WARN_DIRECT_OBJC_ISA_USAGE = YES_ERROR;
				CLANG_WARN_DOCUMENTATION_COMMENTS = YES;
				CLANG_WARN_EMPTY_BODY = YES;
				CLANG_WARN_ENUM_CONVERSION = YES;
				CLANG_WARN_INFINITE_RECURSION = YES;
				CLANG_WARN_INT_CONVERSION = YES;
				CLANG_WARN_NON_LITERAL_NULL_CONVERSION = YES;
				CLANG_WARN_OBJC_IMPLICIT_RETAIN_SELF = YES;
				CLANG_WARN_OBJC_LITERAL_CONVERSION = YES;
				CLANG_WARN_OBJC_ROOT_CLASS = YES_ERROR;
				CLANG_WARN_RANGE_LOOP_ANALYSIS = YES;
				CLANG_WARN_STRICT_PROTOTYPES = YES;
				CLANG_WARN_SUSPICIOUS_MOVE = YES;
				CLANG_WARN_UNGUARDED_AVAILABILITY = YES_AGGRESSIVE;
				CLANG_WARN_UNREACHABLE_CODE = YES;
				CLANG_WARN__DUPLICATE_METHOD_MATCH = YES;
				CODE_SIGN_IDENTITY = "iPhone Developer";
				COPY_PHASE_STRIP = NO;
				DEBUG_INFORMATION_FORMAT = dwarf;
				ENABLE_STRICT_OBJC_MSGSEND = YES;
				ENABLE_TESTABILITY = YES;
				GCC_C_LANGUAGE_STANDARD = gnu11;
				GCC_DYNAMIC_NO_PIC = NO;
				GCC_NO_COMMON_BLOCKS = YES;
				GCC_OPTIMIZATION_LEVEL = 0;
				GCC_PREPROCESSOR_DEFINITIONS = (
					"DEBUG=1",
					"$(inherited)",
				);
				GCC_WARN_64_TO_32_BIT_CONVERSION = YES;
				GCC_WARN_ABOUT_RETURN_TYPE = YES_ERROR;
				GCC_WARN_UNDECLARED_SELECTOR = YES;
				GCC_WARN_UNINITIALIZED_AUTOS = YES_AGGRESSIVE;
				GCC_WARN_UNUSED_FUNCTION = YES;
				GCC_WARN_UNUSED_VARIABLE = YES;
				IPHONEOS_DEPLOYMENT_TARGET = 12.1;
				MTL_ENABLE_DEBUG_INFO = INCLUDE_SOURCE;
				MTL_FAST_MATH = YES;
				ONLY_ACTIVE_ARCH = YES;
				SDKROOT = iphoneos;
			};
			name = Debug;
		};
		AA9ACBD9223F84A500A8F005 /* Release */ = {
			isa = XCBuildConfiguration;
			buildSettings = {
				ALWAYS_SEARCH_USER_PATHS = NO;
				CLANG_ANALYZER_NONNULL = YES;
				CLANG_ANALYZER_NUMBER_OBJECT_CONVERSION = YES_AGGRESSIVE;
				CLANG_CXX_LANGUAGE_STANDARD = "gnu++14";
				CLANG_CXX_LIBRARY = "libc++";
				CLANG_ENABLE_MODULES = YES;
				CLANG_ENABLE_OBJC_ARC = YES;
				CLANG_ENABLE_OBJC_WEAK = YES;
				CLANG_WARN_BLOCK_CAPTURE_AUTORELEASING = YES;
				CLANG_WARN_BOOL_CONVERSION = YES;
				CLANG_WARN_COMMA = YES;
				CLANG_WARN_CONSTANT_CONVERSION = YES;
				CLANG_WARN_DEPRECATED_OBJC_IMPLEMENTATIONS = YES;
				CLANG_WARN_DIRECT_OBJC_ISA_USAGE = YES_ERROR;
				CLANG_WARN_DOCUMENTATION_COMMENTS = YES;
				CLANG_WARN_EMPTY_BODY = YES;
				CLANG_WARN_ENUM_CONVERSION = YES;
				CLANG_WARN_INFINITE_RECURSION = YES;
				CLANG_WARN_INT_CONVERSION = YES;
				CLANG_WARN_NON_LITERAL_NULL_CONVERSION = YES;
				CLANG_WARN_OBJC_IMPLICIT_RETAIN_SELF = YES;
				CLANG_WARN_OBJC_LITERAL_CONVERSION = YES;
				CLANG_WARN_OBJC_ROOT_CLASS = YES_ERROR;
				CLANG_WARN_RANGE_LOOP_ANALYSIS = YES;
				CLANG_WARN_STRICT_PROTOTYPES = YES;
				CLANG_WARN_SUSPICIOUS_MOVE = YES;
				CLANG_WARN_UNGUARDED_AVAILABILITY = YES_AGGRESSIVE;
				CLANG_WARN_UNREACHABLE_CODE = YES;
				CLANG_WARN__DUPLICATE_METHOD_MATCH = YES;
				CODE_SIGN_IDENTITY = "iPhone Developer";
				COPY_PHASE_STRIP = NO;
				DEBUG_INFORMATION_FORMAT = "dwarf-with-dsym";
				ENABLE_NS_ASSERTIONS = NO;
				ENABLE_STRICT_OBJC_MSGSEND = YES;
				GCC_C_LANGUAGE_STANDARD = gnu11;
				GCC_NO_COMMON_BLOCKS = YES;
				GCC_WARN_64_TO_32_BIT_CONVERSION = YES;
				GCC_WARN_ABOUT_RETURN_TYPE = YES_ERROR;
				GCC_WARN_UNDECLARED_SELECTOR = YES;
				GCC_WARN_UNINITIALIZED_AUTOS = YES_AGGRESSIVE;
				GCC_WARN_UNUSED_FUNCTION = YES;
				GCC_WARN_UNUSED_VARIABLE = YES;
				IPHONEOS_DEPLOYMENT_TARGET = 12.1;
				MTL_ENABLE_DEBUG_INFO = NO;
				MTL_FAST_MATH = YES;
				SDKROOT = iphoneos;
				VALIDATE_PRODUCT = YES;
			};
			name = Release;
		};
		AA9ACBDB223F84A500A8F005 /* Debug */ = {
			isa = XCBuildConfiguration;
			buildSettings = {
				ASSETCATALOG_COMPILER_APPICON_NAME = AppIcon;
				CODE_SIGN_STYLE = Automatic;
				DEVELOPMENT_TEAM = L7Z586X2CB;
				INFOPLIST_FILE = textfield/Info.plist;
				LD_RUNPATH_SEARCH_PATHS = (
					"$(inherited)",
					"@executable_path/Frameworks",
				);
				PRODUCT_BUNDLE_IDENTIFIER = com.mingyuefly.com.textfield;
				PRODUCT_NAME = "$(TARGET_NAME)";
				TARGETED_DEVICE_FAMILY = "1,2";
			};
			name = Debug;
		};
		AA9ACBDC223F84A500A8F005 /* Release */ = {
			isa = XCBuildConfiguration;
			buildSettings = {
				ASSETCATALOG_COMPILER_APPICON_NAME = AppIcon;
				CODE_SIGN_STYLE = Automatic;
				DEVELOPMENT_TEAM = L7Z586X2CB;
				INFOPLIST_FILE = textfield/Info.plist;
				LD_RUNPATH_SEARCH_PATHS = (
					"$(inherited)",
					"@executable_path/Frameworks",
				);
				PRODUCT_BUNDLE_IDENTIFIER = com.mingyuefly.com.textfield;
				PRODUCT_NAME = "$(TARGET_NAME)";
				TARGETED_DEVICE_FAMILY = "1,2";
			};
			name = Release;
		};
/* End XCBuildConfiguration section */

/* Begin XCConfigurationList section */
		AA9ACBBF223F84A300A8F005 /* Build configuration list for PBXProject "textfield" */ = {
			isa = XCConfigurationList;
			buildConfigurations = (
				AA9ACBD8223F84A500A8F005 /* Debug */,
				AA9ACBD9223F84A500A8F005 /* Release */,
			);
			defaultConfigurationIsVisible = 0;
			defaultConfigurationName = Release;
		};
		AA9ACBDA223F84A500A8F005 /* Build configuration list for PBXNativeTarget "textfield" */ = {
			isa = XCConfigurationList;
			buildConfigurations = (
				AA9ACBDB223F84A500A8F005 /* Debug */,
				AA9ACBDC223F84A500A8F005 /* Release */,
			);
			defaultConfigurationIsVisible = 0;
			defaultConfigurationName = Release;
		};
/* End XCConfigurationList section */
	};
	rootObject = AA9ACBBC223F84A300A8F005 /* Project object */;
}
