PODS:
  - AFNetworking (4.0.1):
    - AFNetworking/NSURLSession (= 4.0.1)
    - AFNetworking/Reachability (= 4.0.1)
    - AFNetworking/Security (= 4.0.1)
    - AFNetworking/Serialization (= 4.0.1)
    - AFNetworking/UIKit (= 4.0.1)
  - AFNetworking/NSURLSession (4.0.1):
    - AFNetworking/Reachability
    - AFNetworking/Security
    - AFNetworking/Serialization
  - AFNetworking/Reachability (4.0.1)
  - AFNetworking/Security (4.0.1)
  - AFNetworking/Serialization (4.0.1)
  - AFNetworking/UIKit (4.0.1):
    - AFNetworking/NSURLSession
  - MYYKit (1.0.2)
  - SDWebImage (5.18.2):
    - SDWebImage/Core (= 5.18.2)
  - SDWebImage/Core (5.18.2)

DEPENDENCIES:
  - AFNetworking (~> 4.0.1)
  - MYYKit
  - SDWebImage

SPEC REPOS:
  https://github.com/CocoaPods/Specs.git:
    - AFNetworking
    - SDWebImage
  https://github.com/mingyuefly/MYYSpecs.git:
    - MYYKit

SPEC CHECKSUMS:
  AFNetworking: 3bd23d814e976cd148d7d44c3ab78017b744cd58
  MYYKit: cf57b1f33262cc52a5b13ff28642968c222c4cce
  SDWebImage: c0de394d7cf7f9838aed1fd6bb6037654a4572e4

PODFILE CHECKSUM: 3ac03dfb25fbc1eb543bea1130aca8a8b58fe0ce

COCOAPODS: 1.12.1
